{
  "name": "Capstone",
  "lockfileVersion": 2,
  "requires": true,
  "packages": {
    "": {
      "dependencies": {
        "mpld3": "^0.5.8"
      }
    },
    "node_modules/mpld3": {
      "version": "0.5.8",
      "resolved": "https://registry.npmjs.org/mpld3/-/mpld3-0.5.8.tgz",
      "integrity": "sha512-wHk7yqjKFFhI923atIBekMCP7//4VzERJyB5cQJhXHkfnnm3O5ls3I5+nMvuvu4faUDLu2cJsYynnBf1TCfDBg=="
    }
  },
  "dependencies": {
    "mpld3": {
      "version": "0.5.8",
      "resolved": "https://registry.npmjs.org/mpld3/-/mpld3-0.5.8.tgz",
      "integrity": "sha512-wHk7yqjKFFhI923atIBekMCP7//4VzERJyB5cQJhXHkfnnm3O5ls3I5+nMvuvu4faUDLu2cJsYynnBf1TCfDBg=="
    }
  }
}
